
Microsoft Visual Studio Solution File, Format Version 12.00
# Visual Studio Version 16
VisualStudioVersion = 16.0.30804.86
MinimumVisualStudioVersion = 10.0.40219.1
Project("{9A19103F-16F7-4668-BE54-9A1E7A4F7556}") = "SFA.DAS.ApprenticeCommitments.Jobs.Functions", "SFA.DAS.ApprenticeCommitments.Jobs.Functions\SFA.DAS.ApprenticeCommitments.Jobs.Functions.csproj", "{7E03C384-C4F9-42FC-A0CB-32944E76F8D2}"
EndProject
Project("{9A19103F-16F7-4668-BE54-9A1E7A4F7556}") = "SFA.DAS.ApprenticeCommitments.Jobs.UnitTests", "SFA.DAS.ApprenticeCommitments.Jobs.UnitTests\SFA.DAS.ApprenticeCommitments.Jobs.UnitTests.csproj", "{AD46270A-476F-425D-8C01-ADA2DC2CB24C}"
EndProject
Project("{9A19103F-16F7-4668-BE54-9A1E7A4F7556}") = "SFA.DAS.ApprenticeCommitments.Jobs", "SFA.DAS.ApprenticeCommitments.Jobs\SFA.DAS.ApprenticeCommitments.Jobs.csproj", "{C31A9EAC-D5A5-4CDF-B72A-226248252D0E}"
EndProject
Project("{9A19103F-16F7-4668-BE54-9A1E7A4F7556}") = "SFA.DAS.ApprenticeCommitments.Jobs.AcceptanceTests", "SFA.DAS.ApprenticeCommitments.Jobs.AcceptanceTests\SFA.DAS.ApprenticeCommitments.Jobs.AcceptanceTests.csproj", "{585B7C3F-9D78-421C-AE7D-FD2C7ABAFA9F}"
EndProject
Global
	GlobalSection(SolutionConfigurationPlatforms) = preSolution
		Debug|Any CPU = Debug|Any CPU
		Release|Any CPU = Release|Any CPU
	EndGlobalSection
	GlobalSection(ProjectConfigurationPlatforms) = postSolution
		{7E03C384-C4F9-42FC-A0CB-32944E76F8D2}.Debug|Any CPU.ActiveCfg = Debug|Any CPU
		{7E03C384-C4F9-42FC-A0CB-32944E76F8D2}.Debug|Any CPU.Build.0 = Debug|Any CPU
		{7E03C384-C4F9-42FC-A0CB-32944E76F8D2}.Release|Any CPU.ActiveCfg = Release|Any CPU
		{7E03C384-C4F9-42FC-A0CB-32944E76F8D2}.Release|Any CPU.Build.0 = Release|Any CPU
		{AD46270A-476F-425D-8C01-ADA2DC2CB24C}.Debug|Any CPU.ActiveCfg = Debug|Any CPU
		{AD46270A-476F-425D-8C01-ADA2DC2CB24C}.Debug|Any CPU.Build.0 = Debug|Any CPU
		{AD46270A-476F-425D-8C01-ADA2DC2CB24C}.Release|Any CPU.ActiveCfg = Release|Any CPU
		{AD46270A-476F-425D-8C01-ADA2DC2CB24C}.Release|Any CPU.Build.0 = Release|Any CPU
		{C31A9EAC-D5A5-4CDF-B72A-226248252D0E}.Debug|Any CPU.ActiveCfg = Debug|Any CPU
		{C31A9EAC-D5A5-4CDF-B72A-226248252D0E}.Debug|Any CPU.Build.0 = Debug|Any CPU
		{C31A9EAC-D5A5-4CDF-B72A-226248252D0E}.Release|Any CPU.ActiveCfg = Release|Any CPU
		{C31A9EAC-D5A5-4CDF-B72A-226248252D0E}.Release|Any CPU.Build.0 = Release|Any CPU
		{585B7C3F-9D78-421C-AE7D-FD2C7ABAFA9F}.Debug|Any CPU.ActiveCfg = Debug|Any CPU
		{585B7C3F-9D78-421C-AE7D-FD2C7ABAFA9F}.Debug|Any CPU.Build.0 = Debug|Any CPU
		{585B7C3F-9D78-421C-AE7D-FD2C7ABAFA9F}.Release|Any CPU.ActiveCfg = Release|Any CPU
		{585B7C3F-9D78-421C-AE7D-FD2C7ABAFA9F}.Release|Any CPU.Build.0 = Release|Any CPU
	EndGlobalSection
	GlobalSection(SolutionProperties) = preSolution
		HideSolutionNode = FALSE
	EndGlobalSection
	GlobalSection(ExtensibilityGlobals) = postSolution
		SolutionGuid = {36E76E58-68F2-415B-A011-E5FC40473A58}
	EndGlobalSection
EndGlobal
