
Microsoft Visual Studio Solution File, Format Version 12.00
# Visual Studio Version 17
VisualStudioVersion = 17.2.32630.192
MinimumVisualStudioVersion = 10.0.40219.1
Project("{9A19103F-16F7-4668-BE54-9A1E7A4F7556}") = "SFA.DAS.ApprenticeCommitments.Jobs.Functions", "SFA.DAS.ApprenticeCommitments.Jobs.Functions\SFA.DAS.ApprenticeCommitments.Jobs.Functions.csproj", "{7E03C384-C4F9-42FC-A0CB-32944E76F8D2}"
EndProject
Global
	GlobalSection(SolutionConfigurationPlatforms) = preSolution
		Debug|Any CPU = Debug|Any CPU
		Release|Any CPU = Release|Any CPU
	EndGlobalSection
	GlobalSection(ProjectConfigurationPlatforms) = postSolution
		{7E03C384-C4F9-42FC-A0CB-32944E76F8D2}.Debug|Any CPU.ActiveCfg = Debug|Any CPU
		{7E03C384-C4F9-42FC-A0CB-32944E76F8D2}.Debug|Any CPU.Build.0 = Debug|Any CPU
		{7E03C384-C4F9-42FC-A0CB-32944E76F8D2}.Release|Any CPU.ActiveCfg = Release|Any CPU
		{7E03C384-C4F9-42FC-A0CB-32944E76F8D2}.Release|Any CPU.Build.0 = Release|Any CPU
	EndGlobalSection
	GlobalSection(SolutionProperties) = preSolution
		HideSolutionNode = FALSE
	EndGlobalSection
	GlobalSection(ExtensibilityGlobals) = postSolution
		SolutionGuid = {36E76E58-68F2-415B-A011-E5FC40473A58}
	EndGlobalSection
EndGlobal
